
Microsoft Visual Studio Solution File, Format Version 12.00
# Visual Studio Version 17
VisualStudioVersion = 17.9.34728.123
MinimumVisualStudioVersion = 10.0.40219.1
Project("{FAE04EC0-301F-11D3-BF4B-00C04F79EFBC}") = "EmployeeApplication", "EmployeeApplication.csproj", "{A65FCA4C-1F9D-4884-8FA5-1B82830DDD54}"
EndProject
Global
	GlobalSection(SolutionConfigurationPlatforms) = preSolution
		Debug|Any CPU = Debug|Any CPU
		Release|Any CPU = Release|Any CPU
	EndGlobalSection
	GlobalSection(ProjectConfigurationPlatforms) = postSolution
		{A65FCA4C-1F9D-4884-8FA5-1B82830DDD54}.Debug|Any CPU.ActiveCfg = Debug|Any CPU
		{A65FCA4C-1F9D-4884-8FA5-1B82830DDD54}.Debug|Any CPU.Build.0 = Debug|Any CPU
		{A65FCA4C-1F9D-4884-8FA5-1B82830DDD54}.Release|Any CPU.ActiveCfg = Release|Any CPU
		{A65FCA4C-1F9D-4884-8FA5-1B82830DDD54}.Release|Any CPU.Build.0 = Release|Any CPU
	EndGlobalSection
	GlobalSection(SolutionProperties) = preSolution
		HideSolutionNode = FALSE
	EndGlobalSection
	GlobalSection(ExtensibilityGlobals) = postSolution
		SolutionGuid = {C287FB6D-AC57-42A2-BC57-39B3D7DFA9C2}
	EndGlobalSection
EndGlobal
